// !$*UTF8*$!
{
	archiveVersion = 1;
	classes = {
	};
	objectVersion = 46;
	objects = {

/* Begin PBXBuildFile section */
		18477B391D9A011D0078875A /* VCapture.m in Sources */ = {isa = PBXBuildFile; fileRef = 18477B381D9A011D0078875A /* VCapture.m */; };
		18477B3C1D9A012B0078875A /* VideoRecordController.m in Sources */ = {isa = PBXBuildFile; fileRef = 18477B3B1D9A012B0078875A /* VideoRecordController.m */; };
		18477B431D9A1C170078875A /* UIImage+SampleBuffer.m in Sources */ = {isa = PBXBuildFile; fileRef = 18477B421D9A1C170078875A /* UIImage+SampleBuffer.m */; };
		185335BE1D8FE29900329C14 /* AVAssetTrack+AVEditor.m in Sources */ = {isa = PBXBuildFile; fileRef = 185335BD1D8FE29900329C14 /* AVAssetTrack+AVEditor.m */; };
		185335C11D8FEA8700329C14 /* AVEditorexporter.m in Sources */ = {isa = PBXBuildFile; fileRef = 185335C01D8FEA8700329C14 /* AVEditorexporter.m */; };
		1853BB211D9BC4F700403ECE /* VideoWriter.m in Sources */ = {isa = PBXBuildFile; fileRef = 1853BB201D9BC4F700403ECE /* VideoWriter.m */; };
		185530831E150C6A0004A3A9 /* HtmlToPdfController.m in Sources */ = {isa = PBXBuildFile; fileRef = 185530821E150C6A0004A3A9 /* HtmlToPdfController.m */; };
		185530861E150E680004A3A9 /* WebKit.framework in Frameworks */ = {isa = PBXBuildFile; fileRef = 185530851E150E670004A3A9 /* WebKit.framework */; };
		185530891E150F170004A3A9 /* UIViewController+HTMLToPDF.m in Sources */ = {isa = PBXBuildFile; fileRef = 185530881E150F170004A3A9 /* UIViewController+HTMLToPDF.m */; };
		1855308C1E150F820004A3A9 /* HTMLToPDF.m in Sources */ = {isa = PBXBuildFile; fileRef = 1855308B1E150F820004A3A9 /* HTMLToPDF.m */; };
		1856F6651D879E99004177F3 /* AVFoundation.framework in Frameworks */ = {isa = PBXBuildFile; fileRef = 1856F6641D879E99004177F3 /* AVFoundation.framework */; };
		1856F66B1D880A1D004177F3 /* One.m4v in Resources */ = {isa = PBXBuildFile; fileRef = 1856F6691D880A1D004177F3 /* One.m4v */; };
		1856F66C1D880A1D004177F3 /* Two.mp4 in Resources */ = {isa = PBXBuildFile; fileRef = 1856F66A1D880A1D004177F3 /* Two.mp4 */; };
		1861DC541E7A443100F8D613 /* HandwriteController.m in Sources */ = {isa = PBXBuildFile; fileRef = 1861DC531E7A443100F8D613 /* HandwriteController.m */; };
		1861DC571E7A448000F8D613 /* HandwriteView.m in Sources */ = {isa = PBXBuildFile; fileRef = 1861DC561E7A448000F8D613 /* HandwriteView.m */; };
		186304061E4AB1D900ADBDC9 /* PopoverController.m in Sources */ = {isa = PBXBuildFile; fileRef = 186304051E4AB1D900ADBDC9 /* PopoverController.m */; };
		186304091E4AB20900ADBDC9 /* FSPopoverView.m in Sources */ = {isa = PBXBuildFile; fileRef = 186304081E4AB20900ADBDC9 /* FSPopoverView.m */; };
		1863040C1E4ABAF400ADBDC9 /* PopoverConvertCalculate.m in Sources */ = {isa = PBXBuildFile; fileRef = 1863040B1E4ABAF400ADBDC9 /* PopoverConvertCalculate.m */; };
		1863040F1E4AE7C100ADBDC9 /* YQJPopoverContentView.m in Sources */ = {isa = PBXBuildFile; fileRef = 1863040E1E4AE7C100ADBDC9 /* YQJPopoverContentView.m */; };
		186765EA1E72AE25007A91B0 /* PlayController.m in Sources */ = {isa = PBXBuildFile; fileRef = 186765E91E72AE25007A91B0 /* PlayController.m */; };
		186765ED1E72AE92007A91B0 /* PlayButton.m in Sources */ = {isa = PBXBuildFile; fileRef = 186765EC1E72AE92007A91B0 /* PlayButton.m */; };
		186AC1B21D8155C4008ABD5F /* main.m in Sources */ = {isa = PBXBuildFile; fileRef = 186AC1B11D8155C4008ABD5F /* main.m */; };
		186AC1B51D8155C4008ABD5F /* AppDelegate.m in Sources */ = {isa = PBXBuildFile; fileRef = 186AC1B41D8155C4008ABD5F /* AppDelegate.m */; };
		186AC1B81D8155C4008ABD5F /* TestDemo.xcdatamodeld in Sources */ = {isa = PBXBuildFile; fileRef = 186AC1B61D8155C4008ABD5F /* TestDemo.xcdatamodeld */; };
		186AC1C11D8155C5008ABD5F /* Main.storyboard in Resources */ = {isa = PBXBuildFile; fileRef = 186AC1BF1D8155C5008ABD5F /* Main.storyboard */; };
		186AC1C31D8155C5008ABD5F /* Assets.xcassets in Resources */ = {isa = PBXBuildFile; fileRef = 186AC1C21D8155C5008ABD5F /* Assets.xcassets */; };
		186AC1C61D8155C5008ABD5F /* LaunchScreen.storyboard in Resources */ = {isa = PBXBuildFile; fileRef = 186AC1C41D8155C5008ABD5F /* LaunchScreen.storyboard */; };
		186AC1D11D8155C5008ABD5F /* TestDemoTests.m in Sources */ = {isa = PBXBuildFile; fileRef = 186AC1D01D8155C5008ABD5F /* TestDemoTests.m */; };
		186AC1DC1D8155C5008ABD5F /* TestDemoUITests.m in Sources */ = {isa = PBXBuildFile; fileRef = 186AC1DB1D8155C5008ABD5F /* TestDemoUITests.m */; };
		186AC1EB1D8157E9008ABD5F /* TestListController.m in Sources */ = {isa = PBXBuildFile; fileRef = 186AC1EA1D8157E9008ABD5F /* TestListController.m */; };
		186AC1EE1D8159F4008ABD5F /* TextFieldTestController.m in Sources */ = {isa = PBXBuildFile; fileRef = 186AC1ED1D8159F4008ABD5F /* TextFieldTestController.m */; };
		186AC1F41D815DB7008ABD5F /* TDTextField.m in Sources */ = {isa = PBXBuildFile; fileRef = 186AC1F31D815DB7008ABD5F /* TDTextField.m */; };
		186BD6A51DF1124000EE0A9C /* SSLParser.m in Sources */ = {isa = PBXBuildFile; fileRef = 186BD6A41DF1124000EE0A9C /* SSLParser.m */; };
		186BD6A61DF1124000EE0A9C /* SSLParser.m in Sources */ = {isa = PBXBuildFile; fileRef = 186BD6A41DF1124000EE0A9C /* SSLParser.m */; };
		186EBE0C1DB715F70089610D /* AppearanceViewController.m in Sources */ = {isa = PBXBuildFile; fileRef = 186EBE0B1DB715F70089610D /* AppearanceViewController.m */; };
		186EBE0F1DB717110089610D /* AppearanceButton.m in Sources */ = {isa = PBXBuildFile; fileRef = 186EBE0E1DB717110089610D /* AppearanceButton.m */; };
		187E3A111D8E6B2200424DEF /* MergeController.m in Sources */ = {isa = PBXBuildFile; fileRef = 187E3A101D8E6B2200424DEF /* MergeController.m */; };
		187E3A131D8E722800424DEF /* liunian.mp3 in Resources */ = {isa = PBXBuildFile; fileRef = 187E3A121D8E722800424DEF /* liunian.mp3 */; };
		187E3A171D8E836500424DEF /* AVEditor.m in Sources */ = {isa = PBXBuildFile; fileRef = 187E3A161D8E836500424DEF /* AVEditor.m */; };
		187E3A1A1D8E89C000424DEF /* AVFile.m in Sources */ = {isa = PBXBuildFile; fileRef = 187E3A191D8E89C000424DEF /* AVFile.m */; };
		6E380EC97CEAE2664B76B8A5 /* libPods-TestDemoTests.a in Frameworks */ = {isa = PBXBuildFile; fileRef = BBB238DAD0A225FBBA77BBCB /* libPods-TestDemoTests.a */; };
		DF8337A3196454B1BDD05A9D /* libPods-TestDemo.a in Frameworks */ = {isa = PBXBuildFile; fileRef = F6495C508FFC938876140634 /* libPods-TestDemo.a */; };
		E860A3CA654855B5E31ABBF8 /* libPods-TestDemoUITests.a in Frameworks */ = {isa = PBXBuildFile; fileRef = 31790A91176FCB3AFEAECB9E /* libPods-TestDemoUITests.a */; };
/* End PBXBuildFile section */

/* Begin PBXContainerItemProxy section */
		186AC1CD1D8155C5008ABD5F /* PBXContainerItemProxy */ = {
			isa = PBXContainerItemProxy;
			containerPortal = 186AC1A51D8155C4008ABD5F /* Project object */;
			proxyType = 1;
			remoteGlobalIDString = 186AC1AC1D8155C4008ABD5F;
			remoteInfo = TestDemo;
		};
		186AC1D81D8155C5008ABD5F /* PBXContainerItemProxy */ = {
			isa = PBXContainerItemProxy;
			containerPortal = 186AC1A51D8155C4008ABD5F /* Project object */;
			proxyType = 1;
			remoteGlobalIDString = 186AC1AC1D8155C4008ABD5F;
			remoteInfo = TestDemo;
		};
/* End PBXContainerItemProxy section */

/* Begin PBXFileReference section */
		06FA48FF46D01E0A54A05D20 /* Pods-TestDemoTests.release.xcconfig */ = {isa = PBXFileReference; includeInIndex = 1; lastKnownFileType = text.xcconfig; name = "Pods-TestDemoTests.release.xcconfig"; path = "Pods/Target Support Files/Pods-TestDemoTests/Pods-TestDemoTests.release.xcconfig"; sourceTree = "<group>"; };
		18477B371D9A011D0078875A /* VCapture.h */ = {isa = PBXFileReference; fileEncoding = 4; lastKnownFileType = sourcecode.c.h; path = VCapture.h; sourceTree = "<group>"; };
		18477B381D9A011D0078875A /* VCapture.m */ = {isa = PBXFileReference; fileEncoding = 4; lastKnownFileType = sourcecode.c.objc; path = VCapture.m; sourceTree = "<group>"; };
		18477B3A1D9A012B0078875A /* VideoRecordController.h */ = {isa = PBXFileReference; fileEncoding = 4; lastKnownFileType = sourcecode.c.h; path = VideoRecordController.h; sourceTree = "<group>"; };
		18477B3B1D9A012B0078875A /* VideoRecordController.m */ = {isa = PBXFileReference; fileEncoding = 4; lastKnownFileType = sourcecode.c.objc; path = VideoRecordController.m; sourceTree = "<group>"; };
		18477B411D9A1C170078875A /* UIImage+SampleBuffer.h */ = {isa = PBXFileReference; fileEncoding = 4; lastKnownFileType = sourcecode.c.h; path = "UIImage+SampleBuffer.h"; sourceTree = "<group>"; };
		18477B421D9A1C170078875A /* UIImage+SampleBuffer.m */ = {isa = PBXFileReference; fileEncoding = 4; lastKnownFileType = sourcecode.c.objc; path = "UIImage+SampleBuffer.m"; sourceTree = "<group>"; };
		185335BC1D8FE29900329C14 /* AVAssetTrack+AVEditor.h */ = {isa = PBXFileReference; fileEncoding = 4; lastKnownFileType = sourcecode.c.h; path = "AVAssetTrack+AVEditor.h"; sourceTree = "<group>"; };
		185335BD1D8FE29900329C14 /* AVAssetTrack+AVEditor.m */ = {isa = PBXFileReference; fileEncoding = 4; lastKnownFileType = sourcecode.c.objc; path = "AVAssetTrack+AVEditor.m"; sourceTree = "<group>"; };
		185335BF1D8FEA8700329C14 /* AVEditorexporter.h */ = {isa = PBXFileReference; fileEncoding = 4; lastKnownFileType = sourcecode.c.h; path = AVEditorexporter.h; sourceTree = "<group>"; };
		185335C01D8FEA8700329C14 /* AVEditorexporter.m */ = {isa = PBXFileReference; fileEncoding = 4; lastKnownFileType = sourcecode.c.objc; path = AVEditorexporter.m; sourceTree = "<group>"; };
		1853BB1F1D9BC4F700403ECE /* VideoWriter.h */ = {isa = PBXFileReference; fileEncoding = 4; lastKnownFileType = sourcecode.c.h; path = VideoWriter.h; sourceTree = "<group>"; };
		1853BB201D9BC4F700403ECE /* VideoWriter.m */ = {isa = PBXFileReference; fileEncoding = 4; lastKnownFileType = sourcecode.c.objc; path = VideoWriter.m; sourceTree = "<group>"; };
		185530811E150C6A0004A3A9 /* HtmlToPdfController.h */ = {isa = PBXFileReference; fileEncoding = 4; lastKnownFileType = sourcecode.c.h; path = HtmlToPdfController.h; sourceTree = "<group>"; };
		185530821E150C6A0004A3A9 /* HtmlToPdfController.m */ = {isa = PBXFileReference; fileEncoding = 4; lastKnownFileType = sourcecode.c.objc; path = HtmlToPdfController.m; sourceTree = "<group>"; };
		185530851E150E670004A3A9 /* WebKit.framework */ = {isa = PBXFileReference; lastKnownFileType = wrapper.framework; name = WebKit.framework; path = System/Library/Frameworks/WebKit.framework; sourceTree = SDKROOT; };
		185530871E150F170004A3A9 /* UIViewController+HTMLToPDF.h */ = {isa = PBXFileReference; fileEncoding = 4; lastKnownFileType = sourcecode.c.h; path = "UIViewController+HTMLToPDF.h"; sourceTree = "<group>"; };
		185530881E150F170004A3A9 /* UIViewController+HTMLToPDF.m */ = {isa = PBXFileReference; fileEncoding = 4; lastKnownFileType = sourcecode.c.objc; path = "UIViewController+HTMLToPDF.m"; sourceTree = "<group>"; };
		1855308A1E150F820004A3A9 /* HTMLToPDF.h */ = {isa = PBXFileReference; fileEncoding = 4; lastKnownFileType = sourcecode.c.h; path = HTMLToPDF.h; sourceTree = "<group>"; };
		1855308B1E150F820004A3A9 /* HTMLToPDF.m */ = {isa = PBXFileReference; fileEncoding = 4; lastKnownFileType = sourcecode.c.objc; path = HTMLToPDF.m; sourceTree = "<group>"; };
		1856F6641D879E99004177F3 /* AVFoundation.framework */ = {isa = PBXFileReference; lastKnownFileType = wrapper.framework; name = AVFoundation.framework; path = System/Library/Frameworks/AVFoundation.framework; sourceTree = SDKROOT; };
		1856F6691D880A1D004177F3 /* One.m4v */ = {isa = PBXFileReference; lastKnownFileType = file; path = One.m4v; sourceTree = "<group>"; };
		1856F66A1D880A1D004177F3 /* Two.mp4 */ = {isa = PBXFileReference; lastKnownFileType = file; path = Two.mp4; sourceTree = "<group>"; };
		1861DC521E7A443100F8D613 /* HandwriteController.h */ = {isa = PBXFileReference; fileEncoding = 4; lastKnownFileType = sourcecode.c.h; path = HandwriteController.h; sourceTree = "<group>"; };
		1861DC531E7A443100F8D613 /* HandwriteController.m */ = {isa = PBXFileReference; fileEncoding = 4; lastKnownFileType = sourcecode.c.objc; path = HandwriteController.m; sourceTree = "<group>"; };
		1861DC551E7A448000F8D613 /* HandwriteView.h */ = {isa = PBXFileReference; fileEncoding = 4; lastKnownFileType = sourcecode.c.h; path = HandwriteView.h; sourceTree = "<group>"; };
		1861DC561E7A448000F8D613 /* HandwriteView.m */ = {isa = PBXFileReference; fileEncoding = 4; lastKnownFileType = sourcecode.c.objc; path = HandwriteView.m; sourceTree = "<group>"; };
		186304041E4AB1D900ADBDC9 /* PopoverController.h */ = {isa = PBXFileReference; fileEncoding = 4; lastKnownFileType = sourcecode.c.h; path = PopoverController.h; sourceTree = "<group>"; };
		186304051E4AB1D900ADBDC9 /* PopoverController.m */ = {isa = PBXFileReference; fileEncoding = 4; lastKnownFileType = sourcecode.c.objc; path = PopoverController.m; sourceTree = "<group>"; };
		186304071E4AB20900ADBDC9 /* FSPopoverView.h */ = {isa = PBXFileReference; fileEncoding = 4; lastKnownFileType = sourcecode.c.h; path = FSPopoverView.h; sourceTree = "<group>"; };
		186304081E4AB20900ADBDC9 /* FSPopoverView.m */ = {isa = PBXFileReference; fileEncoding = 4; lastKnownFileType = sourcecode.c.objc; path = FSPopoverView.m; sourceTree = "<group>"; };
		1863040A1E4ABAF400ADBDC9 /* PopoverConvertCalculate.h */ = {isa = PBXFileReference; fileEncoding = 4; lastKnownFileType = sourcecode.c.h; path = PopoverConvertCalculate.h; sourceTree = "<group>"; };
		1863040B1E4ABAF400ADBDC9 /* PopoverConvertCalculate.m */ = {isa = PBXFileReference; fileEncoding = 4; lastKnownFileType = sourcecode.c.objc; path = PopoverConvertCalculate.m; sourceTree = "<group>"; };
		1863040D1E4AE7C100ADBDC9 /* YQJPopoverContentView.h */ = {isa = PBXFileReference; fileEncoding = 4; lastKnownFileType = sourcecode.c.h; path = YQJPopoverContentView.h; sourceTree = "<group>"; };
		1863040E1E4AE7C100ADBDC9 /* YQJPopoverContentView.m */ = {isa = PBXFileReference; fileEncoding = 4; lastKnownFileType = sourcecode.c.objc; path = YQJPopoverContentView.m; sourceTree = "<group>"; };
		186765E81E72AE25007A91B0 /* PlayController.h */ = {isa = PBXFileReference; fileEncoding = 4; lastKnownFileType = sourcecode.c.h; path = PlayController.h; sourceTree = "<group>"; };
		186765E91E72AE25007A91B0 /* PlayController.m */ = {isa = PBXFileReference; fileEncoding = 4; lastKnownFileType = sourcecode.c.objc; path = PlayController.m; sourceTree = "<group>"; };
		186765EB1E72AE92007A91B0 /* PlayButton.h */ = {isa = PBXFileReference; fileEncoding = 4; lastKnownFileType = sourcecode.c.h; path = PlayButton.h; sourceTree = "<group>"; };
		186765EC1E72AE92007A91B0 /* PlayButton.m */ = {isa = PBXFileReference; fileEncoding = 4; lastKnownFileType = sourcecode.c.objc; path = PlayButton.m; sourceTree = "<group>"; };
		186AC1AD1D8155C4008ABD5F /* TestDemo.app */ = {isa = PBXFileReference; explicitFileType = wrapper.application; includeInIndex = 0; path = TestDemo.app; sourceTree = BUILT_PRODUCTS_DIR; };
		186AC1B11D8155C4008ABD5F /* main.m */ = {isa = PBXFileReference; lastKnownFileType = sourcecode.c.objc; path = main.m; sourceTree = "<group>"; };
		186AC1B31D8155C4008ABD5F /* AppDelegate.h */ = {isa = PBXFileReference; lastKnownFileType = sourcecode.c.h; path = AppDelegate.h; sourceTree = "<group>"; };
		186AC1B41D8155C4008ABD5F /* AppDelegate.m */ = {isa = PBXFileReference; lastKnownFileType = sourcecode.c.objc; path = AppDelegate.m; sourceTree = "<group>"; };
		186AC1B71D8155C4008ABD5F /* TestDemo.xcdatamodel */ = {isa = PBXFileReference; lastKnownFileType = wrapper.xcdatamodel; path = TestDemo.xcdatamodel; sourceTree = "<group>"; };
		186AC1C01D8155C5008ABD5F /* Base */ = {isa = PBXFileReference; lastKnownFileType = file.storyboard; name = Base; path = Base.lproj/Main.storyboard; sourceTree = "<group>"; };
		186AC1C21D8155C5008ABD5F /* Assets.xcassets */ = {isa = PBXFileReference; lastKnownFileType = folder.assetcatalog; path = Assets.xcassets; sourceTree = "<group>"; };
		186AC1C51D8155C5008ABD5F /* Base */ = {isa = PBXFileReference; lastKnownFileType = file.storyboard; name = Base; path = Base.lproj/LaunchScreen.storyboard; sourceTree = "<group>"; };
		186AC1C71D8155C5008ABD5F /* Info.plist */ = {isa = PBXFileReference; lastKnownFileType = text.plist.xml; path = Info.plist; sourceTree = "<group>"; };
		186AC1CC1D8155C5008ABD5F /* TestDemoTests.xctest */ = {isa = PBXFileReference; explicitFileType = wrapper.cfbundle; includeInIndex = 0; path = TestDemoTests.xctest; sourceTree = BUILT_PRODUCTS_DIR; };
		186AC1D01D8155C5008ABD5F /* TestDemoTests.m */ = {isa = PBXFileReference; lastKnownFileType = sourcecode.c.objc; path = TestDemoTests.m; sourceTree = "<group>"; };
		186AC1D21D8155C5008ABD5F /* Info.plist */ = {isa = PBXFileReference; lastKnownFileType = text.plist.xml; path = Info.plist; sourceTree = "<group>"; };
		186AC1D71D8155C5008ABD5F /* TestDemoUITests.xctest */ = {isa = PBXFileReference; explicitFileType = wrapper.cfbundle; includeInIndex = 0; path = TestDemoUITests.xctest; sourceTree = BUILT_PRODUCTS_DIR; };
		186AC1DB1D8155C5008ABD5F /* TestDemoUITests.m */ = {isa = PBXFileReference; lastKnownFileType = sourcecode.c.objc; path = TestDemoUITests.m; sourceTree = "<group>"; };
		186AC1DD1D8155C5008ABD5F /* Info.plist */ = {isa = PBXFileReference; lastKnownFileType = text.plist.xml; path = Info.plist; sourceTree = "<group>"; };
		186AC1E91D8157E9008ABD5F /* TestListController.h */ = {isa = PBXFileReference; fileEncoding = 4; lastKnownFileType = sourcecode.c.h; path = TestListController.h; sourceTree = "<group>"; };
		186AC1EA1D8157E9008ABD5F /* TestListController.m */ = {isa = PBXFileReference; fileEncoding = 4; lastKnownFileType = sourcecode.c.objc; path = TestListController.m; sourceTree = "<group>"; };
		186AC1EC1D8159F4008ABD5F /* TextFieldTestController.h */ = {isa = PBXFileReference; fileEncoding = 4; lastKnownFileType = sourcecode.c.h; path = TextFieldTestController.h; sourceTree = "<group>"; };
		186AC1ED1D8159F4008ABD5F /* TextFieldTestController.m */ = {isa = PBXFileReference; fileEncoding = 4; lastKnownFileType = sourcecode.c.objc; path = TextFieldTestController.m; sourceTree = "<group>"; };
		186AC1F21D815DB7008ABD5F /* TDTextField.h */ = {isa = PBXFileReference; fileEncoding = 4; lastKnownFileType = sourcecode.c.h; path = TDTextField.h; sourceTree = "<group>"; };
		186AC1F31D815DB7008ABD5F /* TDTextField.m */ = {isa = PBXFileReference; fileEncoding = 4; lastKnownFileType = sourcecode.c.objc; path = TDTextField.m; sourceTree = "<group>"; };
		186BD6A31DF1124000EE0A9C /* SSLParser.h */ = {isa = PBXFileReference; fileEncoding = 4; lastKnownFileType = sourcecode.c.h; path = SSLParser.h; sourceTree = "<group>"; };
		186BD6A41DF1124000EE0A9C /* SSLParser.m */ = {isa = PBXFileReference; fileEncoding = 4; lastKnownFileType = sourcecode.c.objc; path = SSLParser.m; sourceTree = "<group>"; };
		186EBE0A1DB715F70089610D /* AppearanceViewController.h */ = {isa = PBXFileReference; fileEncoding = 4; lastKnownFileType = sourcecode.c.h; path = AppearanceViewController.h; sourceTree = "<group>"; };
		186EBE0B1DB715F70089610D /* AppearanceViewController.m */ = {isa = PBXFileReference; fileEncoding = 4; lastKnownFileType = sourcecode.c.objc; path = AppearanceViewController.m; sourceTree = "<group>"; };
		186EBE0D1DB717110089610D /* AppearanceButton.h */ = {isa = PBXFileReference; fileEncoding = 4; lastKnownFileType = sourcecode.c.h; path = AppearanceButton.h; sourceTree = "<group>"; };
		186EBE0E1DB717110089610D /* AppearanceButton.m */ = {isa = PBXFileReference; fileEncoding = 4; lastKnownFileType = sourcecode.c.objc; path = AppearanceButton.m; sourceTree = "<group>"; };
		187E3A0F1D8E6B2200424DEF /* MergeController.h */ = {isa = PBXFileReference; fileEncoding = 4; lastKnownFileType = sourcecode.c.h; path = MergeController.h; sourceTree = "<group>"; };
		187E3A101D8E6B2200424DEF /* MergeController.m */ = {isa = PBXFileReference; fileEncoding = 4; lastKnownFileType = sourcecode.c.objc; path = MergeController.m; sourceTree = "<group>"; };
		187E3A121D8E722800424DEF /* liunian.mp3 */ = {isa = PBXFileReference; lastKnownFileType = audio.mp3; path = liunian.mp3; sourceTree = "<group>"; };
		187E3A151D8E836500424DEF /* AVEditor.h */ = {isa = PBXFileReference; fileEncoding = 4; lastKnownFileType = sourcecode.c.h; path = AVEditor.h; sourceTree = "<group>"; };
		187E3A161D8E836500424DEF /* AVEditor.m */ = {isa = PBXFileReference; fileEncoding = 4; lastKnownFileType = sourcecode.c.objc; path = AVEditor.m; sourceTree = "<group>"; };
		187E3A181D8E89C000424DEF /* AVFile.h */ = {isa = PBXFileReference; fileEncoding = 4; lastKnownFileType = sourcecode.c.h; path = AVFile.h; sourceTree = "<group>"; };
		187E3A191D8E89C000424DEF /* AVFile.m */ = {isa = PBXFileReference; fileEncoding = 4; lastKnownFileType = sourcecode.c.objc; path = AVFile.m; sourceTree = "<group>"; };
		31790A91176FCB3AFEAECB9E /* libPods-TestDemoUITests.a */ = {isa = PBXFileReference; explicitFileType = archive.ar; includeInIndex = 0; path = "libPods-TestDemoUITests.a"; sourceTree = BUILT_PRODUCTS_DIR; };
		31F0E627F2022384CCDC67EF /* Pods-TestDemoUITests.release.xcconfig */ = {isa = PBXFileReference; includeInIndex = 1; lastKnownFileType = text.xcconfig; name = "Pods-TestDemoUITests.release.xcconfig"; path = "Pods/Target Support Files/Pods-TestDemoUITests/Pods-TestDemoUITests.release.xcconfig"; sourceTree = "<group>"; };
		550F7D6359AA892AA4828998 /* Pods-TestDemoUITests.debug.xcconfig */ = {isa = PBXFileReference; includeInIndex = 1; lastKnownFileType = text.xcconfig; name = "Pods-TestDemoUITests.debug.xcconfig"; path = "Pods/Target Support Files/Pods-TestDemoUITests/Pods-TestDemoUITests.debug.xcconfig"; sourceTree = "<group>"; };
		793E6D606531DA7B6009FC4A /* Pods-TestDemoTests.debug.xcconfig */ = {isa = PBXFileReference; includeInIndex = 1; lastKnownFileType = text.xcconfig; name = "Pods-TestDemoTests.debug.xcconfig"; path = "Pods/Target Support Files/Pods-TestDemoTests/Pods-TestDemoTests.debug.xcconfig"; sourceTree = "<group>"; };
		BBB238DAD0A225FBBA77BBCB /* libPods-TestDemoTests.a */ = {isa = PBXFileReference; explicitFileType = archive.ar; includeInIndex = 0; path = "libPods-TestDemoTests.a"; sourceTree = BUILT_PRODUCTS_DIR; };
		C3BCA048BCD93796F16C5874 /* Pods-TestDemo.release.xcconfig */ = {isa = PBXFileReference; includeInIndex = 1; lastKnownFileType = text.xcconfig; name = "Pods-TestDemo.release.xcconfig"; path = "Pods/Target Support Files/Pods-TestDemo/Pods-TestDemo.release.xcconfig"; sourceTree = "<group>"; };
		F6495C508FFC938876140634 /* libPods-TestDemo.a */ = {isa = PBXFileReference; explicitFileType = archive.ar; includeInIndex = 0; path = "libPods-TestDemo.a"; sourceTree = BUILT_PRODUCTS_DIR; };
		FB4D3275AE7A4C420BEE766E /* Pods-TestDemo.debug.xcconfig */ = {isa = PBXFileReference; includeInIndex = 1; lastKnownFileType = text.xcconfig; name = "Pods-TestDemo.debug.xcconfig"; path = "Pods/Target Support Files/Pods-TestDemo/Pods-TestDemo.debug.xcconfig"; sourceTree = "<group>"; };
/* End PBXFileReference section */

/* Begin PBXFrameworksBuildPhase section */
		186AC1AA1D8155C4008ABD5F /* Frameworks */ = {
			isa = PBXFrameworksBuildPhase;
			buildActionMask = 2147483647;
			files = (
				185530861E150E680004A3A9 /* WebKit.framework in Frameworks */,
				1856F6651D879E99004177F3 /* AVFoundation.framework in Frameworks */,
				DF8337A3196454B1BDD05A9D /* libPods-TestDemo.a in Frameworks */,
			);
			runOnlyForDeploymentPostprocessing = 0;
		};
		186AC1C91D8155C5008ABD5F /* Frameworks */ = {
			isa = PBXFrameworksBuildPhase;
			buildActionMask = 2147483647;
			files = (
				6E380EC97CEAE2664B76B8A5 /* libPods-TestDemoTests.a in Frameworks */,
			);
			runOnlyForDeploymentPostprocessing = 0;
		};
		186AC1D41D8155C5008ABD5F /* Frameworks */ = {
			isa = PBXFrameworksBuildPhase;
			buildActionMask = 2147483647;
			files = (
				E860A3CA654855B5E31ABBF8 /* libPods-TestDemoUITests.a in Frameworks */,
			);
			runOnlyForDeploymentPostprocessing = 0;
		};
/* End PBXFrameworksBuildPhase section */

/* Begin PBXGroup section */
		18477B331D9A00F20078875A /* VCapture */ = {
			isa = PBXGroup;
			children = (
				18477B371D9A011D0078875A /* VCapture.h */,
				18477B381D9A011D0078875A /* VCapture.m */,
				18477B411D9A1C170078875A /* UIImage+SampleBuffer.h */,
				18477B421D9A1C170078875A /* UIImage+SampleBuffer.m */,
				1853BB1F1D9BC4F700403ECE /* VideoWriter.h */,
				1853BB201D9BC4F700403ECE /* VideoWriter.m */,
			);
			path = VCapture;
			sourceTree = "<group>";
		};
		185530801E150C360004A3A9 /* HTMLToPDF */ = {
			isa = PBXGroup;
			children = (
				185530811E150C6A0004A3A9 /* HtmlToPdfController.h */,
				185530821E150C6A0004A3A9 /* HtmlToPdfController.m */,
				185530871E150F170004A3A9 /* UIViewController+HTMLToPDF.h */,
				185530881E150F170004A3A9 /* UIViewController+HTMLToPDF.m */,
				1855308A1E150F820004A3A9 /* HTMLToPDF.h */,
				1855308B1E150F820004A3A9 /* HTMLToPDF.m */,
			);
			path = HTMLToPDF;
			sourceTree = "<group>";
		};
		185530841E150E670004A3A9 /* Frameworks */ = {
			isa = PBXGroup;
			children = (
				185530851E150E670004A3A9 /* WebKit.framework */,
				F6495C508FFC938876140634 /* libPods-TestDemo.a */,
				BBB238DAD0A225FBBA77BBCB /* libPods-TestDemoTests.a */,
				31790A91176FCB3AFEAECB9E /* libPods-TestDemoUITests.a */,
			);
			name = Frameworks;
			sourceTree = "<group>";
		};
		1856F6681D880A1D004177F3 /* VideoResource */ = {
			isa = PBXGroup;
			children = (
				187E3A121D8E722800424DEF /* liunian.mp3 */,
				1856F6691D880A1D004177F3 /* One.m4v */,
				1856F66A1D880A1D004177F3 /* Two.mp4 */,
			);
			path = VideoResource;
			sourceTree = "<group>";
		};
		1861DC511E7A440400F8D613 /* HandWritingRecognition */ = {
			isa = PBXGroup;
			children = (
				1861DC521E7A443100F8D613 /* HandwriteController.h */,
				1861DC531E7A443100F8D613 /* HandwriteController.m */,
				1861DC551E7A448000F8D613 /* HandwriteView.h */,
				1861DC561E7A448000F8D613 /* HandwriteView.m */,
			);
			path = HandWritingRecognition;
			sourceTree = "<group>";
		};
		186304031E4AB1D900ADBDC9 /* Popover */ = {
			isa = PBXGroup;
			children = (
				186304041E4AB1D900ADBDC9 /* PopoverController.h */,
				186304051E4AB1D900ADBDC9 /* PopoverController.m */,
				186304071E4AB20900ADBDC9 /* FSPopoverView.h */,
				186304081E4AB20900ADBDC9 /* FSPopoverView.m */,
				1863040A1E4ABAF400ADBDC9 /* PopoverConvertCalculate.h */,
				1863040B1E4ABAF400ADBDC9 /* PopoverConvertCalculate.m */,
				1863040D1E4AE7C100ADBDC9 /* YQJPopoverContentView.h */,
				1863040E1E4AE7C100ADBDC9 /* YQJPopoverContentView.m */,
			);
			path = Popover;
			sourceTree = "<group>";
		};
		186765E71E72AE12007A91B0 /* PlayButton */ = {
			isa = PBXGroup;
			children = (
				186765E81E72AE25007A91B0 /* PlayController.h */,
				186765E91E72AE25007A91B0 /* PlayController.m */,
				186765EB1E72AE92007A91B0 /* PlayButton.h */,
				186765EC1E72AE92007A91B0 /* PlayButton.m */,
			);
			path = PlayButton;
			sourceTree = "<group>";
		};
		186AC1A41D8155C4008ABD5F = {
			isa = PBXGroup;
			children = (
				1856F6641D879E99004177F3 /* AVFoundation.framework */,
				186AC1AF1D8155C4008ABD5F /* TestDemo */,
				186AC1CF1D8155C5008ABD5F /* TestDemoTests */,
				186AC1DA1D8155C5008ABD5F /* TestDemoUITests */,
				186AC1AE1D8155C4008ABD5F /* Products */,
				185530841E150E670004A3A9 /* Frameworks */,
				B300231D619A455E2A9E16EE /* Pods */,
			);
			sourceTree = "<group>";
		};
		186AC1AE1D8155C4008ABD5F /* Products */ = {
			isa = PBXGroup;
			children = (
				186AC1AD1D8155C4008ABD5F /* TestDemo.app */,
				186AC1CC1D8155C5008ABD5F /* TestDemoTests.xctest */,
				186AC1D71D8155C5008ABD5F /* TestDemoUITests.xctest */,
			);
			name = Products;
			sourceTree = "<group>";
		};
		186AC1AF1D8155C4008ABD5F /* TestDemo */ = {
			isa = PBXGroup;
			children = (
				1861DC511E7A440400F8D613 /* HandWritingRecognition */,
				186765E71E72AE12007A91B0 /* PlayButton */,
				185530801E150C360004A3A9 /* HTMLToPDF */,
				186BD6A21DF111F000EE0A9C /* Parsercer */,
				186EBE091DB715D80089610D /* appearance */,
				18477B331D9A00F20078875A /* VCapture */,
				187E3A141D8E834C00424DEF /* AVEditor */,
				1856F6681D880A1D004177F3 /* VideoResource */,
				186AC1B31D8155C4008ABD5F /* AppDelegate.h */,
				186AC1B41D8155C4008ABD5F /* AppDelegate.m */,
				186AC1BF1D8155C5008ABD5F /* Main.storyboard */,
				186AC1C21D8155C5008ABD5F /* Assets.xcassets */,
				186AC1C41D8155C5008ABD5F /* LaunchScreen.storyboard */,
				186AC1C71D8155C5008ABD5F /* Info.plist */,
				186AC1B61D8155C4008ABD5F /* TestDemo.xcdatamodeld */,
				186AC1B01D8155C4008ABD5F /* Supporting Files */,
				186AC1E91D8157E9008ABD5F /* TestListController.h */,
				186AC1EA1D8157E9008ABD5F /* TestListController.m */,
				186AC1EC1D8159F4008ABD5F /* TextFieldTestController.h */,
				186AC1ED1D8159F4008ABD5F /* TextFieldTestController.m */,
				186AC1F21D815DB7008ABD5F /* TDTextField.h */,
				186AC1F31D815DB7008ABD5F /* TDTextField.m */,
				187E3A0F1D8E6B2200424DEF /* MergeController.h */,
				187E3A101D8E6B2200424DEF /* MergeController.m */,
				18477B3A1D9A012B0078875A /* VideoRecordController.h */,
				18477B3B1D9A012B0078875A /* VideoRecordController.m */,
				186304031E4AB1D900ADBDC9 /* Popover */,
			);
			path = TestDemo;
			sourceTree = "<group>";
		};
		186AC1B01D8155C4008ABD5F /* Supporting Files */ = {
			isa = PBXGroup;
			children = (
				186AC1B11D8155C4008ABD5F /* main.m */,
			);
			name = "Supporting Files";
			sourceTree = "<group>";
		};
		186AC1CF1D8155C5008ABD5F /* TestDemoTests */ = {
			isa = PBXGroup;
			children = (
				186AC1D01D8155C5008ABD5F /* TestDemoTests.m */,
				186AC1D21D8155C5008ABD5F /* Info.plist */,
			);
			path = TestDemoTests;
			sourceTree = "<group>";
		};
		186AC1DA1D8155C5008ABD5F /* TestDemoUITests */ = {
			isa = PBXGroup;
			children = (
				186AC1DB1D8155C5008ABD5F /* TestDemoUITests.m */,
				186AC1DD1D8155C5008ABD5F /* Info.plist */,
			);
			path = TestDemoUITests;
			sourceTree = "<group>";
		};
		186BD6A21DF111F000EE0A9C /* Parsercer */ = {
			isa = PBXGroup;
			children = (
				186BD6A31DF1124000EE0A9C /* SSLParser.h */,
				186BD6A41DF1124000EE0A9C /* SSLParser.m */,
			);
			path = Parsercer;
			sourceTree = "<group>";
		};
		186EBE091DB715D80089610D /* appearance */ = {
			isa = PBXGroup;
			children = (
				186EBE0A1DB715F70089610D /* AppearanceViewController.h */,
				186EBE0B1DB715F70089610D /* AppearanceViewController.m */,
				186EBE0D1DB717110089610D /* AppearanceButton.h */,
				186EBE0E1DB717110089610D /* AppearanceButton.m */,
			);
			path = appearance;
			sourceTree = "<group>";
		};
		187E3A141D8E834C00424DEF /* AVEditor */ = {
			isa = PBXGroup;
			children = (
				187E3A151D8E836500424DEF /* AVEditor.h */,
				187E3A161D8E836500424DEF /* AVEditor.m */,
				187E3A181D8E89C000424DEF /* AVFile.h */,
				187E3A191D8E89C000424DEF /* AVFile.m */,
				185335BC1D8FE29900329C14 /* AVAssetTrack+AVEditor.h */,
				185335BD1D8FE29900329C14 /* AVAssetTrack+AVEditor.m */,
				185335BF1D8FEA8700329C14 /* AVEditorexporter.h */,
				185335C01D8FEA8700329C14 /* AVEditorexporter.m */,
			);
			path = AVEditor;
			sourceTree = "<group>";
		};
		B300231D619A455E2A9E16EE /* Pods */ = {
			isa = PBXGroup;
			children = (
				FB4D3275AE7A4C420BEE766E /* Pods-TestDemo.debug.xcconfig */,
				C3BCA048BCD93796F16C5874 /* Pods-TestDemo.release.xcconfig */,
				793E6D606531DA7B6009FC4A /* Pods-TestDemoTests.debug.xcconfig */,
				06FA48FF46D01E0A54A05D20 /* Pods-TestDemoTests.release.xcconfig */,
				550F7D6359AA892AA4828998 /* Pods-TestDemoUITests.debug.xcconfig */,
				31F0E627F2022384CCDC67EF /* Pods-TestDemoUITests.release.xcconfig */,
			);
			name = Pods;
			sourceTree = "<group>";
		};
/* End PBXGroup section */

/* Begin PBXNativeTarget section */
		186AC1AC1D8155C4008ABD5F /* TestDemo */ = {
			isa = PBXNativeTarget;
			buildConfigurationList = 186AC1E01D8155C5008ABD5F /* Build configuration list for PBXNativeTarget "TestDemo" */;
			buildPhases = (
				33BC63A2C0A713865F660BBC /* [CP] Check Pods Manifest.lock */,
				186AC1A91D8155C4008ABD5F /* Sources */,
				186AC1AA1D8155C4008ABD5F /* Frameworks */,
				186AC1AB1D8155C4008ABD5F /* Resources */,
				16E5E207307E770EA7C44822 /* [CP] Embed Pods Frameworks */,
				7F30BF3EA814E8BBF78E4C6B /* [CP] Copy Pods Resources */,
			);
			buildRules = (
			);
			dependencies = (
			);
			name = TestDemo;
			productName = TestDemo;
			productReference = 186AC1AD1D8155C4008ABD5F /* TestDemo.app */;
			productType = "com.apple.product-type.application";
		};
		186AC1CB1D8155C5008ABD5F /* TestDemoTests */ = {
			isa = PBXNativeTarget;
			buildConfigurationList = 186AC1E31D8155C5008ABD5F /* Build configuration list for PBXNativeTarget "TestDemoTests" */;
			buildPhases = (
				20CFA49DED48D5F73089D533 /* [CP] Check Pods Manifest.lock */,
				186AC1C81D8155C5008ABD5F /* Sources */,
				186AC1C91D8155C5008ABD5F /* Frameworks */,
				186AC1CA1D8155C5008ABD5F /* Resources */,
				A2FC9C10653F8DF80D80BB3A /* [CP] Embed Pods Frameworks */,
				74184B92A509152E130A0AD3 /* [CP] Copy Pods Resources */,
			);
			buildRules = (
			);
			dependencies = (
				186AC1CE1D8155C5008ABD5F /* PBXTargetDependency */,
			);
			name = TestDemoTests;
			productName = TestDemoTests;
			productReference = 186AC1CC1D8155C5008ABD5F /* TestDemoTests.xctest */;
			productType = "com.apple.product-type.bundle.unit-test";
		};
		186AC1D61D8155C5008ABD5F /* TestDemoUITests */ = {
			isa = PBXNativeTarget;
			buildConfigurationList = 186AC1E61D8155C5008ABD5F /* Build configuration list for PBXNativeTarget "TestDemoUITests" */;
			buildPhases = (
				857FA930B92F1BDE9FA1DEC8 /* [CP] Check Pods Manifest.lock */,
				186AC1D31D8155C5008ABD5F /* Sources */,
				186AC1D41D8155C5008ABD5F /* Frameworks */,
				186AC1D51D8155C5008ABD5F /* Resources */,
				4FE73E46E7CA6BC34346D645 /* [CP] Embed Pods Frameworks */,
				7D9E5F4BF0B63144A1C60083 /* [CP] Copy Pods Resources */,
			);
			buildRules = (
			);
			dependencies = (
				186AC1D91D8155C5008ABD5F /* PBXTargetDependency */,
			);
			name = TestDemoUITests;
			productName = TestDemoUITests;
			productReference = 186AC1D71D8155C5008ABD5F /* TestDemoUITests.xctest */;
			productType = "com.apple.product-type.bundle.ui-testing";
		};
/* End PBXNativeTarget section */

/* Begin PBXProject section */
		186AC1A51D8155C4008ABD5F /* Project object */ = {
			isa = PBXProject;
			attributes = {
				LastUpgradeCheck = 0720;
				ORGANIZATIONNAME = fantasy;
				TargetAttributes = {
					186AC1AC1D8155C4008ABD5F = {
						CreatedOnToolsVersion = 7.2;
						DevelopmentTeam = S7VSUA36LS;
						ProvisioningStyle = Manual;
					};
					186AC1CB1D8155C5008ABD5F = {
						CreatedOnToolsVersion = 7.2;
						TestTargetID = 186AC1AC1D8155C4008ABD5F;
					};
					186AC1D61D8155C5008ABD5F = {
						CreatedOnToolsVersion = 7.2;
						TestTargetID = 186AC1AC1D8155C4008ABD5F;
					};
				};
			};
			buildConfigurationList = 186AC1A81D8155C4008ABD5F /* Build configuration list for PBXProject "TestDemo" */;
			compatibilityVersion = "Xcode 3.2";
			developmentRegion = English;
			hasScannedForEncodings = 0;
			knownRegions = (
				en,
				Base,
			);
			mainGroup = 186AC1A41D8155C4008ABD5F;
			productRefGroup = 186AC1AE1D8155C4008ABD5F /* Products */;
			projectDirPath = "";
			projectRoot = "";
			targets = (
				186AC1AC1D8155C4008ABD5F /* TestDemo */,
				186AC1CB1D8155C5008ABD5F /* TestDemoTests */,
				186AC1D61D8155C5008ABD5F /* TestDemoUITests */,
			);
		};
/* End PBXProject section */

/* Begin PBXResourcesBuildPhase section */
		186AC1AB1D8155C4008ABD5F /* Resources */ = {
			isa = PBXResourcesBuildPhase;
			buildActionMask = 2147483647;
			files = (
				1856F66C1D880A1D004177F3 /* Two.mp4 in Resources */,
				187E3A131D8E722800424DEF /* liunian.mp3 in Resources */,
				186AC1C61D8155C5008ABD5F /* LaunchScreen.storyboard in Resources */,
				186AC1C31D8155C5008ABD5F /* Assets.xcassets in Resources */,
				1856F66B1D880A1D004177F3 /* One.m4v in Resources */,
				186AC1C11D8155C5008ABD5F /* Main.storyboard in Resources */,
			);
			runOnlyForDeploymentPostprocessing = 0;
		};
		186AC1CA1D8155C5008ABD5F /* Resources */ = {
			isa = PBXResourcesBuildPhase;
			buildActionMask = 2147483647;
			files = (
			);
			runOnlyForDeploymentPostprocessing = 0;
		};
		186AC1D51D8155C5008ABD5F /* Resources */ = {
			isa = PBXResourcesBuildPhase;
			buildActionMask = 2147483647;
			files = (
			);
			runOnlyForDeploymentPostprocessing = 0;
		};
/* End PBXResourcesBuildPhase section */

/* Begin PBXShellScriptBuildPhase section */
		16E5E207307E770EA7C44822 /* [CP] Embed Pods Frameworks */ = {
			isa = PBXShellScriptBuildPhase;
			buildActionMask = 2147483647;
			files = (
			);
			inputPaths = (
			);
			name = "[CP] Embed Pods Frameworks";
			outputPaths = (
			);
			runOnlyForDeploymentPostprocessing = 0;
			shellPath = /bin/sh;
			shellScript = "\"${SRCROOT}/Pods/Target Support Files/Pods-TestDemo/Pods-TestDemo-frameworks.sh\"\n";
			showEnvVarsInLog = 0;
		};
		20CFA49DED48D5F73089D533 /* [CP] Check Pods Manifest.lock */ = {
			isa = PBXShellScriptBuildPhase;
			buildActionMask = 2147483647;
			files = (
			);
			inputPaths = (
			);
			name = "[CP] Check Pods Manifest.lock";
			outputPaths = (
			);
			runOnlyForDeploymentPostprocessing = 0;
			shellPath = /bin/sh;
			shellScript = "diff \"${PODS_ROOT}/../Podfile.lock\" \"${PODS_ROOT}/Manifest.lock\" > /dev/null\nif [ $? != 0 ] ; then\n    # print error to STDERR\n    echo \"error: The sandbox is not in sync with the Podfile.lock. Run 'pod install' or update your CocoaPods installation.\" >&2\n    exit 1\nfi\n";
			showEnvVarsInLog = 0;
		};
		33BC63A2C0A713865F660BBC /* [CP] Check Pods Manifest.lock */ = {
			isa = PBXShellScriptBuildPhase;
			buildActionMask = 2147483647;
			files = (
			);
			inputPaths = (
			);
			name = "[CP] Check Pods Manifest.lock";
			outputPaths = (
			);
			runOnlyForDeploymentPostprocessing = 0;
			shellPath = /bin/sh;
			shellScript = "diff \"${PODS_ROOT}/../Podfile.lock\" \"${PODS_ROOT}/Manifest.lock\" > /dev/null\nif [ $? != 0 ] ; then\n    # print error to STDERR\n    echo \"error: The sandbox is not in sync with the Podfile.lock. Run 'pod install' or update your CocoaPods installation.\" >&2\n    exit 1\nfi\n";
			showEnvVarsInLog = 0;
		};
		4FE73E46E7CA6BC34346D645 /* [CP] Embed Pods Frameworks */ = {
			isa = PBXShellScriptBuildPhase;
			buildActionMask = 2147483647;
			files = (
			);
			inputPaths = (
			);
			name = "[CP] Embed Pods Frameworks";
			outputPaths = (
			);
			runOnlyForDeploymentPostprocessing = 0;
			shellPath = /bin/sh;
			shellScript = "\"${SRCROOT}/Pods/Target Support Files/Pods-TestDemoUITests/Pods-TestDemoUITests-frameworks.sh\"\n";
			showEnvVarsInLog = 0;
		};
		74184B92A509152E130A0AD3 /* [CP] Copy Pods Resources */ = {
			isa = PBXShellScriptBuildPhase;
			buildActionMask = 2147483647;
			files = (
			);
			inputPaths = (
			);
			name = "[CP] Copy Pods Resources";
			outputPaths = (
			);
			runOnlyForDeploymentPostprocessing = 0;
			shellPath = /bin/sh;
			shellScript = "\"${SRCROOT}/Pods/Target Support Files/Pods-TestDemoTests/Pods-TestDemoTests-resources.sh\"\n";
			showEnvVarsInLog = 0;
		};
		7D9E5F4BF0B63144A1C60083 /* [CP] Copy Pods Resources */ = {
			isa = PBXShellScriptBuildPhase;
			buildActionMask = 2147483647;
			files = (
			);
			inputPaths = (
			);
			name = "[CP] Copy Pods Resources";
			outputPaths = (
			);
			runOnlyForDeploymentPostprocessing = 0;
			shellPath = /bin/sh;
			shellScript = "\"${SRCROOT}/Pods/Target Support Files/Pods-TestDemoUITests/Pods-TestDemoUITests-resources.sh\"\n";
			showEnvVarsInLog = 0;
		};
		7F30BF3EA814E8BBF78E4C6B /* [CP] Copy Pods Resources */ = {
			isa = PBXShellScriptBuildPhase;
			buildActionMask = 2147483647;
			files = (
			);
			inputPaths = (
			);
			name = "[CP] Copy Pods Resources";
			outputPaths = (
			);
			runOnlyForDeploymentPostprocessing = 0;
			shellPath = /bin/sh;
			shellScript = "\"${SRCROOT}/Pods/Target Support Files/Pods-TestDemo/Pods-TestDemo-resources.sh\"\n";
			showEnvVarsInLog = 0;
		};
		857FA930B92F1BDE9FA1DEC8 /* [CP] Check Pods Manifest.lock */ = {
			isa = PBXShellScriptBuildPhase;
			buildActionMask = 2147483647;
			files = (
			);
			inputPaths = (
			);
			name = "[CP] Check Pods Manifest.lock";
			outputPaths = (
			);
			runOnlyForDeploymentPostprocessing = 0;
			shellPath = /bin/sh;
			shellScript = "diff \"${PODS_ROOT}/../Podfile.lock\" \"${PODS_ROOT}/Manifest.lock\" > /dev/null\nif [ $? != 0 ] ; then\n    # print error to STDERR\n    echo \"error: The sandbox is not in sync with the Podfile.lock. Run 'pod install' or update your CocoaPods installation.\" >&2\n    exit 1\nfi\n";
			showEnvVarsInLog = 0;
		};
		A2FC9C10653F8DF80D80BB3A /* [CP] Embed Pods Frameworks */ = {
			isa = PBXShellScriptBuildPhase;
			buildActionMask = 2147483647;
			files = (
			);
			inputPaths = (
			);
			name = "[CP] Embed Pods Frameworks";
			outputPaths = (
			);
			runOnlyForDeploymentPostprocessing = 0;
			shellPath = /bin/sh;
			shellScript = "\"${SRCROOT}/Pods/Target Support Files/Pods-TestDemoTests/Pods-TestDemoTests-frameworks.sh\"\n";
			showEnvVarsInLog = 0;
		};
/* End PBXShellScriptBuildPhase section */

/* Begin PBXSourcesBuildPhase section */
		186AC1A91D8155C4008ABD5F /* Sources */ = {
			isa = PBXSourcesBuildPhase;
			buildActionMask = 2147483647;
			files = (
				187E3A171D8E836500424DEF /* AVEditor.m in Sources */,
				186304061E4AB1D900ADBDC9 /* PopoverController.m in Sources */,
				185530891E150F170004A3A9 /* UIViewController+HTMLToPDF.m in Sources */,
				186765EA1E72AE25007A91B0 /* PlayController.m in Sources */,
				187E3A111D8E6B2200424DEF /* MergeController.m in Sources */,
				186EBE0F1DB717110089610D /* AppearanceButton.m in Sources */,
				187E3A1A1D8E89C000424DEF /* AVFile.m in Sources */,
				18477B391D9A011D0078875A /* VCapture.m in Sources */,
				186BD6A51DF1124000EE0A9C /* SSLParser.m in Sources */,
				1855308C1E150F820004A3A9 /* HTMLToPDF.m in Sources */,
				186EBE0C1DB715F70089610D /* AppearanceViewController.m in Sources */,
				186AC1B81D8155C4008ABD5F /* TestDemo.xcdatamodeld in Sources */,
				186AC1F41D815DB7008ABD5F /* TDTextField.m in Sources */,
				185335C11D8FEA8700329C14 /* AVEditorexporter.m in Sources */,
				1861DC541E7A443100F8D613 /* HandwriteController.m in Sources */,
				186765ED1E72AE92007A91B0 /* PlayButton.m in Sources */,
				186AC1B51D8155C4008ABD5F /* AppDelegate.m in Sources */,
				186AC1B21D8155C4008ABD5F /* main.m in Sources */,
				186304091E4AB20900ADBDC9 /* FSPopoverView.m in Sources */,
				186AC1EE1D8159F4008ABD5F /* TextFieldTestController.m in Sources */,
				1861DC571E7A448000F8D613 /* HandwriteView.m in Sources */,
				18477B3C1D9A012B0078875A /* VideoRecordController.m in Sources */,
				1853BB211D9BC4F700403ECE /* VideoWriter.m in Sources */,
				185335BE1D8FE29900329C14 /* AVAssetTrack+AVEditor.m in Sources */,
				1863040F1E4AE7C100ADBDC9 /* YQJPopoverContentView.m in Sources */,
				186AC1EB1D8157E9008ABD5F /* TestListController.m in Sources */,
				185530831E150C6A0004A3A9 /* HtmlToPdfController.m in Sources */,
				1863040C1E4ABAF400ADBDC9 /* PopoverConvertCalculate.m in Sources */,
				18477B431D9A1C170078875A /* UIImage+SampleBuffer.m in Sources */,
			);
			runOnlyForDeploymentPostprocessing = 0;
		};
		186AC1C81D8155C5008ABD5F /* Sources */ = {
			isa = PBXSourcesBuildPhase;
			buildActionMask = 2147483647;
			files = (
				186AC1D11D8155C5008ABD5F /* TestDemoTests.m in Sources */,
				186BD6A61DF1124000EE0A9C /* SSLParser.m in Sources */,
			);
			runOnlyForDeploymentPostprocessing = 0;
		};
		186AC1D31D8155C5008ABD5F /* Sources */ = {
			isa = PBXSourcesBuildPhase;
			buildActionMask = 2147483647;
			files = (
				186AC1DC1D8155C5008ABD5F /* TestDemoUITests.m in Sources */,
			);
			runOnlyForDeploymentPostprocessing = 0;
		};
/* End PBXSourcesBuildPhase section */

/* Begin PBXTargetDependency section */
		186AC1CE1D8155C5008ABD5F /* PBXTargetDependency */ = {
			isa = PBXTargetDependency;
			target = 186AC1AC1D8155C4008ABD5F /* TestDemo */;
			targetProxy = 186AC1CD1D8155C5008ABD5F /* PBXContainerItemProxy */;
		};
		186AC1D91D8155C5008ABD5F /* PBXTargetDependency */ = {
			isa = PBXTargetDependency;
			target = 186AC1AC1D8155C4008ABD5F /* TestDemo */;
			targetProxy = 186AC1D81D8155C5008ABD5F /* PBXContainerItemProxy */;
		};
/* End PBXTargetDependency section */

/* Begin PBXVariantGroup section */
		186AC1BF1D8155C5008ABD5F /* Main.storyboard */ = {
			isa = PBXVariantGroup;
			children = (
				186AC1C01D8155C5008ABD5F /* Base */,
			);
			name = Main.storyboard;
			sourceTree = "<group>";
		};
		186AC1C41D8155C5008ABD5F /* LaunchScreen.storyboard */ = {
			isa = PBXVariantGroup;
			children = (
				186AC1C51D8155C5008ABD5F /* Base */,
			);
			name = LaunchScreen.storyboard;
			sourceTree = "<group>";
		};
/* End PBXVariantGroup section */

/* Begin XCBuildConfiguration section */
		186AC1DE1D8155C5008ABD5F /* Debug */ = {
			isa = XCBuildConfiguration;
			buildSettings = {
				ALWAYS_SEARCH_USER_PATHS = NO;
				CLANG_CXX_LANGUAGE_STANDARD = "gnu++0x";
				CLANG_CXX_LIBRARY = "libc++";
				CLANG_ENABLE_MODULES = YES;
				CLANG_ENABLE_OBJC_ARC = YES;
				CLANG_WARN_BOOL_CONVERSION = YES;
				CLANG_WARN_CONSTANT_CONVERSION = YES;
				CLANG_WARN_DIRECT_OBJC_ISA_USAGE = YES_ERROR;
				CLANG_WARN_EMPTY_BODY = YES;
				CLANG_WARN_ENUM_CONVERSION = YES;
				CLANG_WARN_INT_CONVERSION = YES;
				CLANG_WARN_OBJC_ROOT_CLASS = YES_ERROR;
				CLANG_WARN_UNREACHABLE_CODE = YES;
				CLANG_WARN__DUPLICATE_METHOD_MATCH = YES;
				"CODE_SIGN_IDENTITY[sdk=iphoneos*]" = "iPhone Developer";
				COPY_PHASE_STRIP = NO;
				DEBUG_INFORMATION_FORMAT = dwarf;
				ENABLE_STRICT_OBJC_MSGSEND = YES;
				ENABLE_TESTABILITY = YES;
				GCC_C_LANGUAGE_STANDARD = gnu99;
				GCC_DYNAMIC_NO_PIC = NO;
				GCC_NO_COMMON_BLOCKS = YES;
				GCC_OPTIMIZATION_LEVEL = 0;
				GCC_PREPROCESSOR_DEFINITIONS = (
					"DEBUG=1",
					"$(inherited)",
				);
				GCC_WARN_64_TO_32_BIT_CONVERSION = YES;
				GCC_WARN_ABOUT_RETURN_TYPE = YES_ERROR;
				GCC_WARN_UNDECLARED_SELECTOR = YES;
				GCC_WARN_UNINITIALIZED_AUTOS = YES_AGGRESSIVE;
				GCC_WARN_UNUSED_FUNCTION = YES;
				GCC_WARN_UNUSED_VARIABLE = YES;
				IPHONEOS_DEPLOYMENT_TARGET = 9.2;
				MTL_ENABLE_DEBUG_INFO = YES;
				ONLY_ACTIVE_ARCH = YES;
				SDKROOT = iphoneos;
			};
			name = Debug;
		};
		186AC1DF1D8155C5008ABD5F /* Release */ = {
			isa = XCBuildConfiguration;
			buildSettings = {
				ALWAYS_SEARCH_USER_PATHS = NO;
				CLANG_CXX_LANGUAGE_STANDARD = "gnu++0x";
				CLANG_CXX_LIBRARY = "libc++";
				CLANG_ENABLE_MODULES = YES;
				CLANG_ENABLE_OBJC_ARC = YES;
				CLANG_WARN_BOOL_CONVERSION = YES;
				CLANG_WARN_CONSTANT_CONVERSION = YES;
				CLANG_WARN_DIRECT_OBJC_ISA_USAGE = YES_ERROR;
				CLANG_WARN_EMPTY_BODY = YES;
				CLANG_WARN_ENUM_CONVERSION = YES;
				CLANG_WARN_INT_CONVERSION = YES;
				CLANG_WARN_OBJC_ROOT_CLASS = YES_ERROR;
				CLANG_WARN_UNREACHABLE_CODE = YES;
				CLANG_WARN__DUPLICATE_METHOD_MATCH = YES;
				"CODE_SIGN_IDENTITY[sdk=iphoneos*]" = "iPhone Developer";
				COPY_PHASE_STRIP = NO;
				DEBUG_INFORMATION_FORMAT = "dwarf-with-dsym";
				ENABLE_NS_ASSERTIONS = NO;
				ENABLE_STRICT_OBJC_MSGSEND = YES;
				GCC_C_LANGUAGE_STANDARD = gnu99;
				GCC_NO_COMMON_BLOCKS = YES;
				GCC_WARN_64_TO_32_BIT_CONVERSION = YES;
				GCC_WARN_ABOUT_RETURN_TYPE = YES_ERROR;
				GCC_WARN_UNDECLARED_SELECTOR = YES;
				GCC_WARN_UNINITIALIZED_AUTOS = YES_AGGRESSIVE;
				GCC_WARN_UNUSED_FUNCTION = YES;
				GCC_WARN_UNUSED_VARIABLE = YES;
				IPHONEOS_DEPLOYMENT_TARGET = 9.2;
				MTL_ENABLE_DEBUG_INFO = NO;
				SDKROOT = iphoneos;
				VALIDATE_PRODUCT = YES;
			};
			name = Release;
		};
		186AC1E11D8155C5008ABD5F /* Debug */ = {
			isa = XCBuildConfiguration;
			baseConfigurationReference = FB4D3275AE7A4C420BEE766E /* Pods-TestDemo.debug.xcconfig */;
			buildSettings = {
				ASSETCATALOG_COMPILER_APPICON_NAME = AppIcon;
				CODE_SIGN_IDENTITY = "iPhone Developer";
				"CODE_SIGN_IDENTITY[sdk=iphoneos*]" = "iPhone Developer";
				DEVELOPMENT_TEAM = S7VSUA36LS;
				INFOPLIST_FILE = TestDemo/Info.plist;
				IPHONEOS_DEPLOYMENT_TARGET = 7.1;
				LD_RUNPATH_SEARCH_PATHS = "$(inherited) @executable_path/Frameworks";
				PRODUCT_BUNDLE_IDENTIFIER = com.mainbo.homeschool;
				PRODUCT_NAME = "$(TARGET_NAME)";
				PROVISIONING_PROFILE = "180fe4e0-3806-4fa1-84e5-0ae5c5faece3";
				PROVISIONING_PROFILE_SPECIFIER = homeschoolDev;
			};
			name = Debug;
		};
		186AC1E21D8155C5008ABD5F /* Release */ = {
			isa = XCBuildConfiguration;
			baseConfigurationReference = C3BCA048BCD93796F16C5874 /* Pods-TestDemo.release.xcconfig */;
			buildSettings = {
				ASSETCATALOG_COMPILER_APPICON_NAME = AppIcon;
				CODE_SIGN_IDENTITY = "iPhone Developer";
				"CODE_SIGN_IDENTITY[sdk=iphoneos*]" = "iPhone Developer";
				DEVELOPMENT_TEAM = S7VSUA36LS;
				INFOPLIST_FILE = TestDemo/Info.plist;
				IPHONEOS_DEPLOYMENT_TARGET = 7.1;
				LD_RUNPATH_SEARCH_PATHS = "$(inherited) @executable_path/Frameworks";
				PRODUCT_BUNDLE_IDENTIFIER = com.mainbo.homeschool;
				PRODUCT_NAME = "$(TARGET_NAME)";
				PROVISIONING_PROFILE = "180fe4e0-3806-4fa1-84e5-0ae5c5faece3";
				PROVISIONING_PROFILE_SPECIFIER = homeschoolDev;
			};
			name = Release;
		};
		186AC1E41D8155C5008ABD5F /* Debug */ = {
			isa = XCBuildConfiguration;
			baseConfigurationReference = 793E6D606531DA7B6009FC4A /* Pods-TestDemoTests.debug.xcconfig */;
			buildSettings = {
				BUNDLE_LOADER = "$(TEST_HOST)";
				INFOPLIST_FILE = TestDemoTests/Info.plist;
				LD_RUNPATH_SEARCH_PATHS = "$(inherited) @executable_path/Frameworks @loader_path/Frameworks";
				PRODUCT_BUNDLE_IDENTIFIER = com.fantasy.TestDemoTests;
				PRODUCT_NAME = "$(TARGET_NAME)";
				TEST_HOST = "$(BUILT_PRODUCTS_DIR)/TestDemo.app/TestDemo";
			};
			name = Debug;
		};
		186AC1E51D8155C5008ABD5F /* Release */ = {
			isa = XCBuildConfiguration;
			baseConfigurationReference = 06FA48FF46D01E0A54A05D20 /* Pods-TestDemoTests.release.xcconfig */;
			buildSettings = {
				BUNDLE_LOADER = "$(TEST_HOST)";
				INFOPLIST_FILE = TestDemoTests/Info.plist;
				LD_RUNPATH_SEARCH_PATHS = "$(inherited) @executable_path/Frameworks @loader_path/Frameworks";
				PRODUCT_BUNDLE_IDENTIFIER = com.fantasy.TestDemoTests;
				PRODUCT_NAME = "$(TARGET_NAME)";
				TEST_HOST = "$(BUILT_PRODUCTS_DIR)/TestDemo.app/TestDemo";
			};
			name = Release;
		};
		186AC1E71D8155C5008ABD5F /* Debug */ = {
			isa = XCBuildConfiguration;
			baseConfigurationReference = 550F7D6359AA892AA4828998 /* Pods-TestDemoUITests.debug.xcconfig */;
			buildSettings = {
				INFOPLIST_FILE = TestDemoUITests/Info.plist;
				LD_RUNPATH_SEARCH_PATHS = "$(inherited) @executable_path/Frameworks @loader_path/Frameworks";
				PRODUCT_BUNDLE_IDENTIFIER = com.fantasy.TestDemoUITests;
				PRODUCT_NAME = "$(TARGET_NAME)";
				TEST_TARGET_NAME = TestDemo;
				USES_XCTRUNNER = YES;
			};
			name = Debug;
		};
		186AC1E81D8155C5008ABD5F /* Release */ = {
			isa = XCBuildConfiguration;
			baseConfigurationReference = 31F0E627F2022384CCDC67EF /* Pods-TestDemoUITests.release.xcconfig */;
			buildSettings = {
				INFOPLIST_FILE = TestDemoUITests/Info.plist;
				LD_RUNPATH_SEARCH_PATHS = "$(inherited) @executable_path/Frameworks @loader_path/Frameworks";
				PRODUCT_BUNDLE_IDENTIFIER = com.fantasy.TestDemoUITests;
				PRODUCT_NAME = "$(TARGET_NAME)";
				TEST_TARGET_NAME = TestDemo;
				USES_XCTRUNNER = YES;
			};
			name = Release;
		};
/* End XCBuildConfiguration section */

/* Begin XCConfigurationList section */
		186AC1A81D8155C4008ABD5F /* Build configuration list for PBXProject "TestDemo" */ = {
			isa = XCConfigurationList;
			buildConfigurations = (
				186AC1DE1D8155C5008ABD5F /* Debug */,
				186AC1DF1D8155C5008ABD5F /* Release */,
			);
			defaultConfigurationIsVisible = 0;
			defaultConfigurationName = Release;
		};
		186AC1E01D8155C5008ABD5F /* Build configuration list for PBXNativeTarget "TestDemo" */ = {
			isa = XCConfigurationList;
			buildConfigurations = (
				186AC1E11D8155C5008ABD5F /* Debug */,
				186AC1E21D8155C5008ABD5F /* Release */,
			);
			defaultConfigurationIsVisible = 0;
			defaultConfigurationName = Release;
		};
		186AC1E31D8155C5008ABD5F /* Build configuration list for PBXNativeTarget "TestDemoTests" */ = {
			isa = XCConfigurationList;
			buildConfigurations = (
				186AC1E41D8155C5008ABD5F /* Debug */,
				186AC1E51D8155C5008ABD5F /* Release */,
			);
			defaultConfigurationIsVisible = 0;
			defaultConfigurationName = Release;
		};
		186AC1E61D8155C5008ABD5F /* Build configuration list for PBXNativeTarget "TestDemoUITests" */ = {
			isa = XCConfigurationList;
			buildConfigurations = (
				186AC1E71D8155C5008ABD5F /* Debug */,
				186AC1E81D8155C5008ABD5F /* Release */,
			);
			defaultConfigurationIsVisible = 0;
			defaultConfigurationName = Release;
		};
/* End XCConfigurationList section */

/* Begin XCVersionGroup section */
		186AC1B61D8155C4008ABD5F /* TestDemo.xcdatamodeld */ = {
			isa = XCVersionGroup;
			children = (
				186AC1B71D8155C4008ABD5F /* TestDemo.xcdatamodel */,
			);
			currentVersion = 186AC1B71D8155C4008ABD5F /* TestDemo.xcdatamodel */;
			path = TestDemo.xcdatamodeld;
			sourceTree = "<group>";
			versionGroupType = wrapper.xcdatamodel;
		};
/* End XCVersionGroup section */
	};
	rootObject = 186AC1A51D8155C4008ABD5F /* Project object */;
}
